// !$*UTF8*$!
{
	archiveVersion = 1;
	classes = {
	};
	objectVersion = 52;
	objects = {

/* Begin PBXBuildFile section */
		8205B89528A52F4100F1744A /* Main.ViewModel.swift in Sources */ = {isa = PBXBuildFile; fileRef = 8205B89428A52F4100F1744A /* Main.ViewModel.swift */; };
		8256C58E289D3D6000A527A6 /* Main.Scene.swift in Sources */ = {isa = PBXBuildFile; fileRef = 8256C58D289D3D6000A527A6 /* Main.Scene.swift */; };
		828CA21F258B4D2900247034 /* Assets.xcassets in Resources */ = {isa = PBXBuildFile; fileRef = 828CA21E258B4D2900247034 /* Assets.xcassets */; };
		828CA222258B4D2900247034 /* LaunchScreen.storyboard in Resources */ = {isa = PBXBuildFile; fileRef = 828CA220258B4D2900247034 /* LaunchScreen.storyboard */; };
		829BF85A291548B5002E389C /* Media.View.swift in Sources */ = {isa = PBXBuildFile; fileRef = 829BF859291548B5002E389C /* Media.View.swift */; };
		82B41A3D29E8AF94004E22B2 /* Media.ViewModel.swift in Sources */ = {isa = PBXBuildFile; fileRef = 82B41A3C29E8AF94004E22B2 /* Media.ViewModel.swift */; };
		82BB35FB29E86065008671BF /* BlackMedia in Frameworks */ = {isa = PBXBuildFile; productRef = 82BB35FA29E86065008671BF /* BlackMedia */; };
		82BB35FD29E863D6008671BF /* Peer.View.swift in Sources */ = {isa = PBXBuildFile; fileRef = 82BB35FC29E863D6008671BF /* Peer.View.swift */; };
		82CD942929E5C27300D67C3F /* Utility.Environment.swift in Sources */ = {isa = PBXBuildFile; fileRef = 82CD942829E5C27300D67C3F /* Utility.Environment.swift */; };
		82D9AB5F29E020FC00B9C925 /* Main.Router.swift in Sources */ = {isa = PBXBuildFile; fileRef = 82D9AB5E29E020FC00B9C925 /* Main.Router.swift */; };
		82D9AB6529E0A97800B9C925 /* Utility.Color.swift in Sources */ = {isa = PBXBuildFile; fileRef = 82D9AB6429E0A97800B9C925 /* Utility.Color.swift */; };
/* End PBXBuildFile section */

/* Begin PBXCopyFilesBuildPhase section */
		828CA272258B5E1500247034 /* Embed Foundation Extensions */ = {
			isa = PBXCopyFilesBuildPhase;
			buildActionMask = 2147483647;
			dstPath = "";
			dstSubfolderSpec = 13;
			files = (
			);
			name = "Embed Foundation Extensions";
			runOnlyForDeploymentPostprocessing = 0;
		};
		82E53C4D258BF54F0071C58A /* CopyFiles */ = {
			isa = PBXCopyFilesBuildPhase;
			buildActionMask = 2147483647;
			dstPath = "";
			dstSubfolderSpec = 10;
			files = (
			);
			runOnlyForDeploymentPostprocessing = 0;
		};
/* End PBXCopyFilesBuildPhase section */

/* Begin PBXFileReference section */
		8205B89428A52F4100F1744A /* Main.ViewModel.swift */ = {isa = PBXFileReference; lastKnownFileType = sourcecode.swift; path = Main.ViewModel.swift; sourceTree = "<group>"; };
		822A5DFE256C497F00AAF2C0 /* ApplicationServices.framework */ = {isa = PBXFileReference; lastKnownFileType = wrapper.framework; name = ApplicationServices.framework; path = System/Library/Frameworks/ApplicationServices.framework; sourceTree = SDKROOT; };
		8256C58D289D3D6000A527A6 /* Main.Scene.swift */ = {isa = PBXFileReference; lastKnownFileType = sourcecode.swift; path = Main.Scene.swift; sourceTree = "<group>"; };
		828CA213258B4D1F00247034 /* CameraIOS.app */ = {isa = PBXFileReference; explicitFileType = wrapper.application; includeInIndex = 0; path = CameraIOS.app; sourceTree = BUILT_PRODUCTS_DIR; };
		828CA21E258B4D2900247034 /* Assets.xcassets */ = {isa = PBXFileReference; lastKnownFileType = folder.assetcatalog; path = Assets.xcassets; sourceTree = "<group>"; };
		828CA221258B4D2900247034 /* Base */ = {isa = PBXFileReference; lastKnownFileType = file.storyboard; name = Base; path = Base.lproj/LaunchScreen.storyboard; sourceTree = "<group>"; };
		829BF859291548B5002E389C /* Media.View.swift */ = {isa = PBXFileReference; lastKnownFileType = sourcecode.swift; path = Media.View.swift; sourceTree = "<group>"; };
		82B41A3C29E8AF94004E22B2 /* Media.ViewModel.swift */ = {isa = PBXFileReference; fileEncoding = 4; lastKnownFileType = sourcecode.swift; path = Media.ViewModel.swift; sourceTree = "<group>"; };
		82BB35FC29E863D6008671BF /* Peer.View.swift */ = {isa = PBXFileReference; lastKnownFileType = sourcecode.swift; path = Peer.View.swift; sourceTree = "<group>"; };
		82CD942829E5C27300D67C3F /* Utility.Environment.swift */ = {isa = PBXFileReference; lastKnownFileType = sourcecode.swift; path = Utility.Environment.swift; sourceTree = "<group>"; };
		82CEC96125D2F5B9000302A0 /* Bridging-Header.h */ = {isa = PBXFileReference; lastKnownFileType = sourcecode.c.h; path = "Bridging-Header.h"; sourceTree = "<group>"; };
		82CEC96625D2F5CD000302A0 /* Application.entitlements */ = {isa = PBXFileReference; fileEncoding = 4; lastKnownFileType = text.plist.entitlements; path = Application.entitlements; sourceTree = "<group>"; };
		82CEC96725D2F5CD000302A0 /* Info.plist */ = {isa = PBXFileReference; fileEncoding = 4; lastKnownFileType = text.plist.xml; path = Info.plist; sourceTree = "<group>"; };
		82CEC98625D2FB47000302A0 /* Release.xcconfig */ = {isa = PBXFileReference; lastKnownFileType = text.xcconfig; name = Release.xcconfig; path = Config/xcconfigs/Base/Configurations/Release.xcconfig; sourceTree = "<group>"; };
		82CEC98725D2FB47000302A0 /* Debug.xcconfig */ = {isa = PBXFileReference; lastKnownFileType = text.xcconfig; name = Debug.xcconfig; path = Config/xcconfigs/Base/Configurations/Debug.xcconfig; sourceTree = "<group>"; };
		82D9AB5E29E020FC00B9C925 /* Main.Router.swift */ = {isa = PBXFileReference; lastKnownFileType = sourcecode.swift; path = Main.Router.swift; sourceTree = "<group>"; };
		82D9AB6429E0A97800B9C925 /* Utility.Color.swift */ = {isa = PBXFileReference; lastKnownFileType = sourcecode.swift; path = Utility.Color.swift; sourceTree = "<group>"; };
		82F572B425D69EDA0063E04E /* Application-iOS.xcconfig */ = {isa = PBXFileReference; lastKnownFileType = text.xcconfig; path = "Application-iOS.xcconfig"; sourceTree = "<group>"; };
/* End PBXFileReference section */

/* Begin PBXFrameworksBuildPhase section */
		828CA210258B4D1F00247034 /* Frameworks */ = {
			isa = PBXFrameworksBuildPhase;
			buildActionMask = 2147483647;
			files = (
				82BB35FB29E86065008671BF /* BlackMedia in Frameworks */,
			);
			runOnlyForDeploymentPostprocessing = 0;
		};
/* End PBXFrameworksBuildPhase section */

/* Begin PBXGroup section */
		8205B89328A52E5000F1744A /* Main */ = {
			isa = PBXGroup;
			children = (
				8256C58D289D3D6000A527A6 /* Main.Scene.swift */,
				8205B89428A52F4100F1744A /* Main.ViewModel.swift */,
				82D9AB5E29E020FC00B9C925 /* Main.Router.swift */,
			);
			path = Main;
			sourceTree = "<group>";
		};
		822A5DFD256C497E00AAF2C0 /* Frameworks */ = {
			isa = PBXGroup;
			children = (
				822A5DFE256C497F00AAF2C0 /* ApplicationServices.framework */,
			);
			name = Frameworks;
			sourceTree = "<group>";
		};
		8250BC6A28095B370045AE4E /* Media */ = {
			isa = PBXGroup;
			children = (
				829BF859291548B5002E389C /* Media.View.swift */,
				82B41A3C29E8AF94004E22B2 /* Media.ViewModel.swift */,
			);
			path = Media;
			sourceTree = "<group>";
		};
		828CA214258B4D1F00247034 /* Code */ = {
			isa = PBXGroup;
			children = (
				82D9AB6329E0A95F00B9C925 /* Utility */,
				8205B89328A52E5000F1744A /* Main */,
				82D0C3FD2760EA9E0001FECB /* Peer */,
				8250BC6A28095B370045AE4E /* Media */,
			);
			path = Code;
			sourceTree = "<group>";
		};
		82BB35EC29E849F2008671BF /* Packages */ = {
			isa = PBXGroup;
			children = (
			);
			name = Packages;
			sourceTree = "<group>";
		};
		82C94FDD2546F58D0025663F = {
			isa = PBXGroup;
			children = (
				82BB35EC29E849F2008671BF /* Packages */,
				82CEC93B25D2F35F000302A0 /* iOS */,
				82CEC96025D2F5B9000302A0 /* Xcode */,
				82C94FE72546F58D0025663F /* Products */,
				822A5DFD256C497E00AAF2C0 /* Frameworks */,
			);
			sourceTree = "<group>";
		};
		82C94FE72546F58D0025663F /* Products */ = {
			isa = PBXGroup;
			children = (
				828CA213258B4D1F00247034 /* CameraIOS.app */,
			);
			name = Products;
			sourceTree = "<group>";
		};
		82CEC93B25D2F35F000302A0 /* iOS */ = {
			isa = PBXGroup;
			children = (
				828CA214258B4D1F00247034 /* Code */,
				82CEC96525D2F5CD000302A0 /* Xcode */,
			);
			name = iOS;
			path = ../iOS;
			sourceTree = "<group>";
		};
		82CEC96025D2F5B9000302A0 /* Xcode */ = {
			isa = PBXGroup;
			children = (
				82F572B425D69EDA0063E04E /* Application-iOS.xcconfig */,
				82CEC98725D2FB47000302A0 /* Debug.xcconfig */,
				82CEC98625D2FB47000302A0 /* Release.xcconfig */,
				82CEC96125D2F5B9000302A0 /* Bridging-Header.h */,
			);
			name = Xcode;
			sourceTree = "<group>";
		};
		82CEC96525D2F5CD000302A0 /* Xcode */ = {
			isa = PBXGroup;
			children = (
				828CA21E258B4D2900247034 /* Assets.xcassets */,
				82CEC96625D2F5CD000302A0 /* Application.entitlements */,
				828CA220258B4D2900247034 /* LaunchScreen.storyboard */,
				82CEC96725D2F5CD000302A0 /* Info.plist */,
			);
			path = Xcode;
			sourceTree = "<group>";
		};
		82D0C3FD2760EA9E0001FECB /* Peer */ = {
			isa = PBXGroup;
			children = (
				82BB35FC29E863D6008671BF /* Peer.View.swift */,
			);
			path = Peer;
			sourceTree = "<group>";
		};
		82D9AB6329E0A95F00B9C925 /* Utility */ = {
			isa = PBXGroup;
			children = (
				82D9AB6429E0A97800B9C925 /* Utility.Color.swift */,
				82CD942829E5C27300D67C3F /* Utility.Environment.swift */,
			);
			path = Utility;
			sourceTree = "<group>";
		};
/* End PBXGroup section */

/* Begin PBXNativeTarget section */
		828CA212258B4D1F00247034 /* Camera */ = {
			isa = PBXNativeTarget;
			buildConfigurationList = 828CA23A258B4D2B00247034 /* Build configuration list for PBXNativeTarget "Camera" */;
			buildPhases = (
				828CA20F258B4D1F00247034 /* Sources */,
				828CA210258B4D1F00247034 /* Frameworks */,
				828CA211258B4D1F00247034 /* Resources */,
				828CA272258B5E1500247034 /* Embed Foundation Extensions */,
				82E53C4D258BF54F0071C58A /* CopyFiles */,
			);
			buildRules = (
			);
			dependencies = (
				82BB35F829E85FC8008671BF /* PBXTargetDependency */,
			);
			name = Camera;
			packageProductDependencies = (
				82BB35FA29E86065008671BF /* BlackMedia */,
			);
			productName = CaptureIOS;
			productReference = 828CA213258B4D1F00247034 /* CameraIOS.app */;
			productType = "com.apple.product-type.application";
		};
/* End PBXNativeTarget section */

/* Begin PBXProject section */
		82C94FDE2546F58D0025663F /* Project object */ = {
			isa = PBXProject;
			attributes = {
				LastSwiftUpdateCheck = 1200;
				LastUpgradeCheck = 1420;
				ORGANIZATIONNAME = "Ivan Kh";
				TargetAttributes = {
					828CA212258B4D1F00247034 = {
						CreatedOnToolsVersion = 12.0;
					};
				};
			};
			buildConfigurationList = 82C94FE12546F58D0025663F /* Build configuration list for PBXProject "Samples" */;
			compatibilityVersion = "Xcode 9.3";
			developmentRegion = en;
			hasScannedForEncodings = 0;
			knownRegions = (
				en,
				Base,
			);
			mainGroup = 82C94FDD2546F58D0025663F;
			packageReferences = (
				82BB35F929E86065008671BF /* XCRemoteSwiftPackageReference "BlackMedia" */,
			);
			productRefGroup = 82C94FE72546F58D0025663F /* Products */;
			projectDirPath = "";
			projectRoot = "";
			targets = (
				828CA212258B4D1F00247034 /* Camera */,
			);
		};
/* End PBXProject section */

/* Begin PBXResourcesBuildPhase section */
		828CA211258B4D1F00247034 /* Resources */ = {
			isa = PBXResourcesBuildPhase;
			buildActionMask = 2147483647;
			files = (
				828CA222258B4D2900247034 /* LaunchScreen.storyboard in Resources */,
				828CA21F258B4D2900247034 /* Assets.xcassets in Resources */,
			);
			runOnlyForDeploymentPostprocessing = 0;
		};
/* End PBXResourcesBuildPhase section */

/* Begin PBXSourcesBuildPhase section */
		828CA20F258B4D1F00247034 /* Sources */ = {
			isa = PBXSourcesBuildPhase;
			buildActionMask = 2147483647;
			files = (
				8205B89528A52F4100F1744A /* Main.ViewModel.swift in Sources */,
				829BF85A291548B5002E389C /* Media.View.swift in Sources */,
				82B41A3D29E8AF94004E22B2 /* Media.ViewModel.swift in Sources */,
				8256C58E289D3D6000A527A6 /* Main.Scene.swift in Sources */,
				82BB35FD29E863D6008671BF /* Peer.View.swift in Sources */,
				82CD942929E5C27300D67C3F /* Utility.Environment.swift in Sources */,
				82D9AB5F29E020FC00B9C925 /* Main.Router.swift in Sources */,
				82D9AB6529E0A97800B9C925 /* Utility.Color.swift in Sources */,
			);
			runOnlyForDeploymentPostprocessing = 0;
		};
/* End PBXSourcesBuildPhase section */

/* Begin PBXTargetDependency section */
		82BB35F829E85FC8008671BF /* PBXTargetDependency */ = {
			isa = PBXTargetDependency;
			productRef = 82BB35F729E85FC8008671BF /* BlackMedia */;
		};
/* End PBXTargetDependency section */

/* Begin PBXVariantGroup section */
		828CA220258B4D2900247034 /* LaunchScreen.storyboard */ = {
			isa = PBXVariantGroup;
			children = (
				828CA221258B4D2900247034 /* Base */,
			);
			name = LaunchScreen.storyboard;
			sourceTree = "<group>";
		};
/* End PBXVariantGroup section */

/* Begin XCBuildConfiguration section */
		828CA23B258B4D2B00247034 /* Debug */ = {
			isa = XCBuildConfiguration;
			baseConfigurationReference = 82F572B425D69EDA0063E04E /* Application-iOS.xcconfig */;
			buildSettings = {
				ASSETCATALOG_COMPILER_APPICON_NAME = AppIcon;
				ASSETCATALOG_COMPILER_GLOBAL_ACCENT_COLOR_NAME = AccentColor;
				CLANG_WARN_QUOTED_INCLUDE_IN_FRAMEWORK_HEADER = YES;
				DEAD_CODE_STRIPPING = YES;
				DEVELOPMENT_TEAM = BLY6A8TNQK;
				IPHONEOS_DEPLOYMENT_TARGET = 15.0;
				PRODUCT_BUNDLE_IDENTIFIER = com.ihvorostinin.nanny;
				PRODUCT_NAME = CameraIOS;
				SUPPORTS_MACCATALYST = YES;
				SUPPORTS_MAC_DESIGNED_FOR_IPHONE_IPAD = YES;
				SWIFT_VERSION = 5.0;
			};
			name = Debug;
		};
		828CA23C258B4D2B00247034 /* Release */ = {
			isa = XCBuildConfiguration;
			baseConfigurationReference = 82F572B425D69EDA0063E04E /* Application-iOS.xcconfig */;
			buildSettings = {
				ASSETCATALOG_COMPILER_APPICON_NAME = AppIcon;
				ASSETCATALOG_COMPILER_GLOBAL_ACCENT_COLOR_NAME = AccentColor;
				CLANG_WARN_QUOTED_INCLUDE_IN_FRAMEWORK_HEADER = YES;
				DEAD_CODE_STRIPPING = YES;
				DEVELOPMENT_TEAM = BLY6A8TNQK;
				IPHONEOS_DEPLOYMENT_TARGET = 15.0;
				PRODUCT_BUNDLE_IDENTIFIER = com.ihvorostinin.nanny;
				PRODUCT_NAME = CameraIOS;
				SUPPORTS_MACCATALYST = YES;
				SUPPORTS_MAC_DESIGNED_FOR_IPHONE_IPAD = YES;
				SWIFT_VERSION = 5.0;
			};
			name = Release;
		};
		82C9500A2546F5940025663F /* Debug */ = {
			isa = XCBuildConfiguration;
			baseConfigurationReference = 82CEC98725D2FB47000302A0 /* Debug.xcconfig */;
			buildSettings = {
				DEAD_CODE_STRIPPING = YES;
			};
			name = Debug;
		};
		82C9500B2546F5940025663F /* Release */ = {
			isa = XCBuildConfiguration;
			baseConfigurationReference = 82CEC98625D2FB47000302A0 /* Release.xcconfig */;
			buildSettings = {
				DEAD_CODE_STRIPPING = YES;
			};
			name = Release;
		};
/* End XCBuildConfiguration section */

/* Begin XCConfigurationList section */
		828CA23A258B4D2B00247034 /* Build configuration list for PBXNativeTarget "Camera" */ = {
			isa = XCConfigurationList;
			buildConfigurations = (
				828CA23B258B4D2B00247034 /* Debug */,
				828CA23C258B4D2B00247034 /* Release */,
			);
			defaultConfigurationIsVisible = 0;
			defaultConfigurationName = Release;
		};
		82C94FE12546F58D0025663F /* Build configuration list for PBXProject "Samples" */ = {
			isa = XCConfigurationList;
			buildConfigurations = (
				82C9500A2546F5940025663F /* Debug */,
				82C9500B2546F5940025663F /* Release */,
			);
			defaultConfigurationIsVisible = 0;
			defaultConfigurationName = Release;
		};
/* End XCConfigurationList section */

/* Begin XCRemoteSwiftPackageReference section */
		82BB35F929E86065008671BF /* XCRemoteSwiftPackageReference "BlackMedia" */ = {
			isa = XCRemoteSwiftPackageReference;
			repositoryURL = "https://github.com/ivorost/BlackMedia";
			requirement = {
				branch = main;
				kind = branch;
			};
		};
/* End XCRemoteSwiftPackageReference section */

/* Begin XCSwiftPackageProductDependency section */
		82BB35F729E85FC8008671BF /* BlackMedia */ = {
			isa = XCSwiftPackageProductDependency;
			productName = BlackMedia;
		};
		82BB35FA29E86065008671BF /* BlackMedia */ = {
			isa = XCSwiftPackageProductDependency;
			package = 82BB35F929E86065008671BF /* XCRemoteSwiftPackageReference "BlackMedia" */;
			productName = BlackMedia;
		};
/* End XCSwiftPackageProductDependency section */
	};
	rootObject = 82C94FDE2546F58D0025663F /* Project object */;
}
